
Microsoft Visual Studio Solution File, Format Version 12.00
# Visual Studio 15
VisualStudioVersion = 15.0.28010.2048
MinimumVisualStudioVersion = 10.0.40219.1
Project("{FAE04EC0-301F-11D3-BF4B-00C04F79EFBC}") = "LmalomServer", "LmalomServer\LmalomServer.csproj", "{D288D0F1-56D2-45CF-BA1F-ACC7C02E45F5}"
EndProject
Global
	GlobalSection(SolutionConfigurationPlatforms) = preSolution
		Debug|Any CPU = Debug|Any CPU
		Release|Any CPU = Release|Any CPU
	EndGlobalSection
	GlobalSection(ProjectConfigurationPlatforms) = postSolution
		{D288D0F1-56D2-45CF-BA1F-ACC7C02E45F5}.Debug|Any CPU.ActiveCfg = Debug|Any CPU
		{D288D0F1-56D2-45CF-BA1F-ACC7C02E45F5}.Debug|Any CPU.Build.0 = Debug|Any CPU
		{D288D0F1-56D2-45CF-BA1F-ACC7C02E45F5}.Release|Any CPU.ActiveCfg = Release|Any CPU
		{D288D0F1-56D2-45CF-BA1F-ACC7C02E45F5}.Release|Any CPU.Build.0 = Release|Any CPU
	EndGlobalSection
	GlobalSection(SolutionProperties) = preSolution
		HideSolutionNode = FALSE
	EndGlobalSection
	GlobalSection(ExtensibilityGlobals) = postSolution
		SolutionGuid = {EF30E40E-8A33-46B9-87C0-EE75342BCE7F}
	EndGlobalSection
EndGlobal
